
Microsoft Visual Studio Solution File, Format Version 12.00
# Visual Studio Version 17
VisualStudioVersion = 17.6.33723.286
MinimumVisualStudioVersion = 10.0.40219.1
Project("{8BC9CEB8-8B4A-11D0-8D11-00A0C91BC942}") = "assignment", "assignment.vcxproj", "{E2A804C9-F076-4842-9926-38B1551C12CE}"
EndProject
Global
	GlobalSection(SolutionConfigurationPlatforms) = preSolution
		Debug|x64 = Debug|x64
		Release|x64 = Release|x64
	EndGlobalSection
	GlobalSection(ProjectConfigurationPlatforms) = postSolution
		{E2A804C9-F076-4842-9926-38B1551C12CE}.Debug|x64.ActiveCfg = Debug|x64
		{E2A804C9-F076-4842-9926-38B1551C12CE}.Debug|x64.Build.0 = Debug|x64
		{E2A804C9-F076-4842-9926-38B1551C12CE}.Release|x64.ActiveCfg = Release|x64
		{E2A804C9-F076-4842-9926-38B1551C12CE}.Release|x64.Build.0 = Release|x64
	EndGlobalSection
	GlobalSection(SolutionProperties) = preSolution
		HideSolutionNode = FALSE
	EndGlobalSection
	GlobalSection(ExtensibilityGlobals) = postSolution
		SolutionGuid = {7581043D-0ACE-4FDD-84FE-CCC75E03B294}
	EndGlobalSection
EndGlobal
